# This file is automatically @generated by Cargo.
# It is not intended for manual editing.
version = 3

[[package]]
name = "lazy_static"
version = "1.5.0"
source = "registry+https://github.com/rust-lang/crates.io-index"
checksum = "bbd2bcb4c963f2ddae06a2efc7e9f3591312473c50c6685e1f298068316e66fe"

[[package]]
name = "libc"
version = "0.2.155"
source = "registry+https://github.com/rust-lang/crates.io-index"
checksum = "97b3888a4aecf77e811145cadf6eef5901f4782c53886191b2f693f24761847c"

[[package]]
name = "rusy_demo"
version = "0.1.0"
dependencies = [
 "rutie",
]

[[package]]
name = "rutie"
version = "0.8.4"
source = "registry+https://github.com/rust-lang/crates.io-index"
checksum = "5d97db4cbb9739b48364c38cc9a6ebabdc07b42bd87b60ab448e1f29eaebb2ac"
dependencies = [
 "lazy_static",
 "libc",
]
